{
    "name": "node-red-project",
    "version": "0.0.1",
    "lockfileVersion": 2,
    "requires": true,
    "packages": {
        "": {
            "name": "node-red-project",
            "version": "0.0.1",
            "dependencies": {
                "node-red-contrib-light-scheduler": "~0.0.18",
                "node-red-multi-sensor": "~1.1.3"
            }
        },
        "node_modules/axios": {
            "version": "0.21.4",
            "resolved": "https://registry.npmjs.org/axios/-/axios-0.21.4.tgz",
            "integrity": "sha512-ut5vewkiu8jjGBdqpM44XxjuCjq9LAKeHVmoVfHVzy8eHgxxq8SbAVQNovDA8mVi05kP0Ea/n/UzcSHcTJQfNg==",
            "dependencies": {
                "follow-redirects": "^1.14.0"
            }
        },
        "node_modules/follow-redirects": {
            "version": "1.14.5",
            "resolved": "https://registry.npmjs.org/follow-redirects/-/follow-redirects-1.14.5.tgz",
            "integrity": "sha512-wtphSXy7d4/OR+MvIFbCVBDzZ5520qV8XfPklSN5QtxuMUJZ+b0Wnst1e1lCDocfzuCkHqj8k0FpZqO+UIaKNA==",
            "funding": [
                {
                    "type": "individual",
                    "url": "https://github.com/sponsors/RubenVerborgh"
                }
            ],
            "engines": {
                "node": ">=4.0"
            },
            "peerDependenciesMeta": {
                "debug": {
                    "optional": true
                }
            }
        },
        "node_modules/node-red-contrib-light-scheduler": {
            "version": "0.0.18",
            "resolved": "https://registry.npmjs.org/node-red-contrib-light-scheduler/-/node-red-contrib-light-scheduler-0.0.18.tgz",
            "integrity": "sha512-sFclkLuap1RqT5kHGORvOgG8TYpuF0uaX7Py24BuMFswmrnDYZpeAH786N3PyAo0t5wBDRF/w+I4FlQl/Z8v4Q==",
            "dependencies": {
                "axios": "^0.21.1",
                "suncalc": "^1.8.0"
            }
        },
        "node_modules/node-red-multi-sensor": {
            "version": "1.1.3",
            "resolved": "https://registry.npmjs.org/node-red-multi-sensor/-/node-red-multi-sensor-1.1.3.tgz",
            "integrity": "sha512-UmHAyZLwAvlZGr0oiJhDqdqOE68ukqFZ0nE651saP6XjWiem2SdEwgJH5jVR3CXfJYOgSPWpjDe2a0QVJsvtNQ==",
            "deprecated": "Package has been renamed to node-red-contrib-multi-sensor"
        },
        "node_modules/suncalc": {
            "version": "1.8.0",
            "resolved": "https://registry.npmjs.org/suncalc/-/suncalc-1.8.0.tgz",
            "integrity": "sha1-HZiYEJVjB4dQ9JlKlZ5lTYdqy/U="
        }
    },
    "dependencies": {
        "axios": {
            "version": "0.21.4",
            "resolved": "https://registry.npmjs.org/axios/-/axios-0.21.4.tgz",
            "integrity": "sha512-ut5vewkiu8jjGBdqpM44XxjuCjq9LAKeHVmoVfHVzy8eHgxxq8SbAVQNovDA8mVi05kP0Ea/n/UzcSHcTJQfNg==",
            "requires": {
                "follow-redirects": "^1.14.0"
            }
        },
        "follow-redirects": {
            "version": "1.14.5",
            "resolved": "https://registry.npmjs.org/follow-redirects/-/follow-redirects-1.14.5.tgz",
            "integrity": "sha512-wtphSXy7d4/OR+MvIFbCVBDzZ5520qV8XfPklSN5QtxuMUJZ+b0Wnst1e1lCDocfzuCkHqj8k0FpZqO+UIaKNA=="
        },
        "node-red-contrib-light-scheduler": {
            "version": "0.0.18",
            "resolved": "https://registry.npmjs.org/node-red-contrib-light-scheduler/-/node-red-contrib-light-scheduler-0.0.18.tgz",
            "integrity": "sha512-sFclkLuap1RqT5kHGORvOgG8TYpuF0uaX7Py24BuMFswmrnDYZpeAH786N3PyAo0t5wBDRF/w+I4FlQl/Z8v4Q==",
            "requires": {
                "axios": "^0.21.1",
                "suncalc": "^1.8.0"
            }
        },
        "node-red-multi-sensor": {
            "version": "1.1.3",
            "resolved": "https://registry.npmjs.org/node-red-multi-sensor/-/node-red-multi-sensor-1.1.3.tgz",
            "integrity": "sha512-UmHAyZLwAvlZGr0oiJhDqdqOE68ukqFZ0nE651saP6XjWiem2SdEwgJH5jVR3CXfJYOgSPWpjDe2a0QVJsvtNQ=="
        },
        "suncalc": {
            "version": "1.8.0",
            "resolved": "https://registry.npmjs.org/suncalc/-/suncalc-1.8.0.tgz",
            "integrity": "sha1-HZiYEJVjB4dQ9JlKlZ5lTYdqy/U="
        }
    }
}
